
Microsoft Visual Studio Solution File, Format Version 11.00
# Visual C++ Express 2010
Project("{8BC9CEB8-8B4A-11D0-8D11-00A0C91BC942}") = "phys", "phys.vcxproj", "{B81B38B1-3B9E-489F-BD2E-59AC5DC235A1}"
EndProject
Global
	GlobalSection(SolutionConfigurationPlatforms) = preSolution
		Debug|Win32 = Debug|Win32
		Light|Win32 = Light|Win32
		Release|Win32 = Release|Win32
	EndGlobalSection
	GlobalSection(ProjectConfigurationPlatforms) = postSolution
		{B81B38B1-3B9E-489F-BD2E-59AC5DC235A1}.Debug|Win32.ActiveCfg = Debug|Win32
		{B81B38B1-3B9E-489F-BD2E-59AC5DC235A1}.Debug|Win32.Build.0 = Debug|Win32
		{B81B38B1-3B9E-489F-BD2E-59AC5DC235A1}.Light|Win32.ActiveCfg = Light|Win32
		{B81B38B1-3B9E-489F-BD2E-59AC5DC235A1}.Light|Win32.Build.0 = Light|Win32
		{B81B38B1-3B9E-489F-BD2E-59AC5DC235A1}.Release|Win32.ActiveCfg = Release|Win32
		{B81B38B1-3B9E-489F-BD2E-59AC5DC235A1}.Release|Win32.Build.0 = Release|Win32
	EndGlobalSection
	GlobalSection(SolutionProperties) = preSolution
		HideSolutionNode = FALSE
	EndGlobalSection
EndGlobal
